lockfileVersion: 5.4

specifiers:
  '@tuleap/build-system-configurator': link:../../lib/frontend/build-system-configurator
  vue: ^2.6.10
  vue-gettext: ^2.1.0

devDependencies:
  '@tuleap/build-system-configurator': link:../../lib/frontend/build-system-configurator
  vue: 2.7.3
  vue-gettext: 2.1.12

packages:

  /@babel/parser/7.18.6:
    resolution: {integrity: sha512-uQVSa9jJUe/G/304lXspfWVpKpK4euFLgGiMQFOCpM/bgcAdeoHwi/OQz23O9GK2osz26ZiXRRV9aV+Yl1O8tw==}
    engines: {node: '>=6.0.0'}
    hasBin: true
    dev: true

  /@vue/compiler-sfc/2.7.3:
    resolution: {integrity: sha512-/9SO6KeR1ljo+j4Tdkl9zsFG2yY4NQ9p3GKdPVCU99bmkNkTW8g9Tq8SMEvhOfo+RhBC0PdDAOmibl+N37f5YA==}
    dependencies:
      '@babel/parser': 7.18.6
      postcss: 8.4.14
      source-map: 0.6.1
    dev: true

  /csstype/3.1.0:
    resolution: {integrity: sha512-uX1KG+x9h5hIJsaKR9xHUeUraxf8IODOwq9JLNPq6BwB04a/xgpq3rcx47l5BZu5zBPlgD342tdke3Hom/nJRA==}
    dev: true

  /nanoid/3.3.4:
    resolution: {integrity: sha512-MqBkQh/OHTS2egovRtLk45wEyNXwF+cokD+1YPf9u5VfJiRdAiRwB2froX5Co9Rh20xs4siNPm8naNotSD6RBw==}
    engines: {node: ^10 || ^12 || ^13.7 || ^14 || >=15.0.1}
    hasBin: true
    dev: true

  /picocolors/1.0.0:
    resolution: {integrity: sha512-1fygroTLlHu66zi26VoTDv8yRgm0Fccecssto+MhsZ0D/DGW2sm8E8AjW7NU5VVTRt5GxbeZ5qBuJr+HyLYkjQ==}
    dev: true

  /postcss/8.4.14:
    resolution: {integrity: sha512-E398TUmfAYFPBSdzgeieK2Y1+1cpdxJx8yXbK/m57nRhKSmk1GB2tO4lbLBtlkfPQTDKfe4Xqv1ASWPpayPEig==}
    engines: {node: ^10 || ^12 || >=14}
    dependencies:
      nanoid: 3.3.4
      picocolors: 1.0.0
      source-map-js: 1.0.2
    dev: true

  /source-map-js/1.0.2:
    resolution: {integrity: sha512-R0XvVJ9WusLiqTCEiGCmICCMplcCkIwwR11mOSD9CR5u+IXYdiseeEuXCVAjS54zqwkLcPNnmU4OeJ6tUrWhDw==}
    engines: {node: '>=0.10.0'}
    dev: true

  /source-map/0.6.1:
    resolution: {integrity: sha512-UjgapumWlbMhkBgzT7Ykc5YXUT46F0iKu8SGXq0bcwP5dz/h0Plj6enJqjz1Zbq2l5WaqYnrVbwWOWMyF3F47g==}
    engines: {node: '>=0.10.0'}
    dev: true

  /vue-gettext/2.1.12:
    resolution: {integrity: sha512-7Kw36xtKvARp8ZafQGPK9WR6EM+dhFUikR5f0+etSkiHuvUM3yf1HsRDLYoLLdJ0AMaXxKwgekumzvCk6KX8rA==}
    engines: {npm: '>= 3.0.0'}
    dev: true

  /vue/2.7.3:
    resolution: {integrity: sha512-7MTirXG7LYJi3r2jeYy7EiXIhEE85uP3kBwSxqwDsvIfy/l7+qR4U6ajw8ji1KoP+wYYg7ZY28TBTf3P3Fa4Nw==}
    dependencies:
      '@vue/compiler-sfc': 2.7.3
      csstype: 3.1.0
    dev: true
